{
  "name": "@kal-elsam/harness",
  "version": "0.7.0",
  "lockfileVersion": 3,
  "requires": true,
  "packages": {
    "": {
      "name": "@kal-elsam/harness",
      "version": "0.7.0",
      "license": "UNLICENSED",
      "bin": {
        "agentic-harness": "bin/harness.js",
        "harness": "bin/harness.js",
        "harness-sgs": "bin/harness.js",
        "sgs-harness": "bin/harness.js"
      },
      "engines": {
        "node": ">=18.18"
      }
    }
  }
}
